
Microsoft Visual Studio Solution File, Format Version 12.00
# Visual Studio Version 17
VisualStudioVersion = 17.14.36109.1
MinimumVisualStudioVersion = 10.0.40219.1
Project("{FAE04EC0-301F-11D3-BF4B-00C04F79EFBC}") = "WarehouseClient", "WarehouseClient\WarehouseClient.csproj", "{8E51DBDA-FE6E-4095-BCED-D897815A0585}"
EndProject
Project("{FAE04EC0-301F-11D3-BF4B-00C04F79EFBC}") = "WarehouseServer", "WarehouseServer\WarehouseServer.csproj", "{16D1391F-2BE2-1F1F-C0A5-AE2F49FDBB5A}"
EndProject
Project("{FAE04EC0-301F-11D3-BF4B-00C04F79EFBC}") = "WarehouseModel", "WarehouseModel\WarehouseModel.csproj", "{C6F837AB-0E14-4012-8085-7F5CE7E509F3}"
EndProject
Global
	GlobalSection(SolutionConfigurationPlatforms) = preSolution
		Debug|Any CPU = Debug|Any CPU
		Release|Any CPU = Release|Any CPU
	EndGlobalSection
	GlobalSection(ProjectConfigurationPlatforms) = postSolution
		{8E51DBDA-FE6E-4095-BCED-D897815A0585}.Debug|Any CPU.ActiveCfg = Debug|Any CPU
		{8E51DBDA-FE6E-4095-BCED-D897815A0585}.Debug|Any CPU.Build.0 = Debug|Any CPU
		{8E51DBDA-FE6E-4095-BCED-D897815A0585}.Release|Any CPU.ActiveCfg = Release|Any CPU
		{8E51DBDA-FE6E-4095-BCED-D897815A0585}.Release|Any CPU.Build.0 = Release|Any CPU
		{16D1391F-2BE2-1F1F-C0A5-AE2F49FDBB5A}.Debug|Any CPU.ActiveCfg = Debug|Any CPU
		{16D1391F-2BE2-1F1F-C0A5-AE2F49FDBB5A}.Debug|Any CPU.Build.0 = Debug|Any CPU
		{16D1391F-2BE2-1F1F-C0A5-AE2F49FDBB5A}.Release|Any CPU.ActiveCfg = Release|Any CPU
		{16D1391F-2BE2-1F1F-C0A5-AE2F49FDBB5A}.Release|Any CPU.Build.0 = Release|Any CPU
		{C6F837AB-0E14-4012-8085-7F5CE7E509F3}.Debug|Any CPU.ActiveCfg = Debug|Any CPU
		{C6F837AB-0E14-4012-8085-7F5CE7E509F3}.Debug|Any CPU.Build.0 = Debug|Any CPU
		{C6F837AB-0E14-4012-8085-7F5CE7E509F3}.Release|Any CPU.ActiveCfg = Release|Any CPU
		{C6F837AB-0E14-4012-8085-7F5CE7E509F3}.Release|Any CPU.Build.0 = Release|Any CPU
	EndGlobalSection
	GlobalSection(SolutionProperties) = preSolution
		HideSolutionNode = FALSE
	EndGlobalSection
	GlobalSection(ExtensibilityGlobals) = postSolution
		SolutionGuid = {B5991FE8-4911-46D6-B677-86A976A5C09B}
	EndGlobalSection
EndGlobal
